# This file is automatically @generated by Cargo.
# It is not intended for manual editing.
version = 4

[[package]]
name = "bytes"
version = "1.11.1"
source = "registry+https://github.com/rust-lang/crates.io-index"
checksum = "1e748733b7cbc798e1434b6ac524f0c1ff2ab456fe201501e6497c8417a4fc33"

[[package]]
name = "http"
version = "1.4.0"
source = "registry+https://github.com/rust-lang/crates.io-index"
checksum = "e3ba2a386d7f85a81f119ad7498ebe444d2e22c2af0b86b069416ace48b3311a"
dependencies = [
 "bytes",
 "itoa",
]

[[package]]
name = "http-body"
version = "1.0.1"
source = "registry+https://github.com/rust-lang/crates.io-index"
checksum = "1efedce1fb8e6913f23e0c92de8e62cd5b772a67e7b3946df930a62566c93184"
dependencies = [
 "bytes",
 "http",
]

[[package]]
name = "hyper"
version = "1.9.0"
source = "registry+https://github.com/rust-lang/crates.io-index"
checksum = "6299f016b246a94207e63da54dbe807655bf9e00044f73ded42c3ac5305fbcca"
dependencies = [
 "bytes",
 "http",
 "http-body",
 "tokio",
]

[[package]]
name = "hyper-util"
version = "0.1.20"
source = "registry+https://github.com/rust-lang/crates.io-index"
checksum = "96547c2556ec9d12fb1578c4eaf448b04993e7fb79cbaad930a656880a6bdfa0"
dependencies = [
 "bytes",
 "http",
 "http-body",
 "hyper",
 "pin-project-lite",
]

[[package]]
name = "itoa"
version = "1.0.18"
source = "registry+https://github.com/rust-lang/crates.io-index"
checksum = "8f42a60cbdf9a97f5d2305f08a87dc4e09308d1276d28c869c684d7777685682"

[[package]]
name = "pin-project-lite"
version = "0.2.17"
source = "registry+https://github.com/rust-lang/crates.io-index"
checksum = "a89322df9ebe1c1578d689c92318e070967d1042b512afbe49518723f4e6d5cd"

[[package]]
name = "reverse-proxy"
version = "0.1.0"
dependencies = [
 "hyper-util",
 "tokio",
]

[[package]]
name = "tokio"
version = "1.52.1"
source = "registry+https://github.com/rust-lang/crates.io-index"
checksum = "b67dee974fe86fd92cc45b7a95fdd2f99a36a6d7b0d431a231178d3d670bbcc6"
dependencies = [
 "pin-project-lite",
]
